// !$*UTF8*$!
{
	archiveVersion = 1;
	classes = {
	};
	objectVersion = 46;
	objects = {

/* Begin PBXBuildFile section */
		24F43F361BF5892300D964FE /* main.m in Sources */ = {isa = PBXBuildFile; fileRef = 24F43F351BF5892300D964FE /* main.m */; };
		24F43F391BF5892300D964FE /* AppDelegate.m in Sources */ = {isa = PBXBuildFile; fileRef = 24F43F381BF5892300D964FE /* AppDelegate.m */; };
		24F43F3C1BF5892300D964FE /* ViewController.m in Sources */ = {isa = PBXBuildFile; fileRef = 24F43F3B1BF5892300D964FE /* ViewController.m */; };
		24F43F411BF5892300D964FE /* Assets.xcassets in Resources */ = {isa = PBXBuildFile; fileRef = 24F43F401BF5892300D964FE /* Assets.xcassets */; };
		24F43F441BF5892300D964FE /* LaunchScreen.storyboard in Resources */ = {isa = PBXBuildFile; fileRef = 24F43F421BF5892300D964FE /* LaunchScreen.storyboard */; };
		24F43F6E1BF5898600D964FE /* BaseFormCell.m in Sources */ = {isa = PBXBuildFile; fileRef = 24F43F541BF5898600D964FE /* BaseFormCell.m */; };
		24F43F6F1BF5898600D964FE /* BottomView.xib in Resources */ = {isa = PBXBuildFile; fileRef = 24F43F551BF5898600D964FE /* BottomView.xib */; };
		24F43F761BF5898600D964FE /* FormTableViewController.m in Sources */ = {isa = PBXBuildFile; fileRef = 24F43F611BF5898600D964FE /* FormTableViewController.m */; };
		24F43F791BF5898600D964FE /* FormDataManager.m in Sources */ = {isa = PBXBuildFile; fileRef = 24F43F671BF5898600D964FE /* FormDataManager.m */; };
		24F43F821BF589D700D964FE /* ActionSheetCellView.m in Sources */ = {isa = PBXBuildFile; fileRef = 24F43F7D1BF589D700D964FE /* ActionSheetCellView.m */; };
		24F43F831BF589D700D964FE /* ActionSheetCellView.xib in Resources */ = {isa = PBXBuildFile; fileRef = 24F43F7E1BF589D700D964FE /* ActionSheetCellView.xib */; };
		24F43F931BF5AEC900D964FE /* ErrorCell.m in Sources */ = {isa = PBXBuildFile; fileRef = 24F43F881BF5AEC900D964FE /* ErrorCell.m */; };
		24F43F941BF5AEC900D964FE /* ActionSheetCell.m in Sources */ = {isa = PBXBuildFile; fileRef = 24F43F891BF5AEC900D964FE /* ActionSheetCell.m */; };
		24F43F961BF5AEC900D964FE /* EditTextCell.xib in Resources */ = {isa = PBXBuildFile; fileRef = 24F43F8B1BF5AEC900D964FE /* EditTextCell.xib */; };
		24F43F971BF5AEC900D964FE /* EditTextCell.m in Sources */ = {isa = PBXBuildFile; fileRef = 24F43F8C1BF5AEC900D964FE /* EditTextCell.m */; };
		24F43F981BF5AEC900D964FE /* ActionSheetCell.xib in Resources */ = {isa = PBXBuildFile; fileRef = 24F43F8D1BF5AEC900D964FE /* ActionSheetCell.xib */; };
		24F43F991BF5AEC900D964FE /* ErrorCell.xib in Resources */ = {isa = PBXBuildFile; fileRef = 24F43F8F1BF5AEC900D964FE /* ErrorCell.xib */; };
		24F43F9D1BF5B60900D964FE /* FormTableViewController.plist in Resources */ = {isa = PBXBuildFile; fileRef = 24F43F9C1BF5B60900D964FE /* FormTableViewController.plist */; };
		24F43F9F1BF5D45700D964FE /* marry.plist in Resources */ = {isa = PBXBuildFile; fileRef = 24F43F9E1BF5D45700D964FE /* marry.plist */; };
		24F43FA11BF5D7D000D964FE /* degrees.plist in Resources */ = {isa = PBXBuildFile; fileRef = 24F43FA01BF5D7D000D964FE /* degrees.plist */; };
		24F43FA31BF5D9ED00D964FE /* schools.plist in Resources */ = {isa = PBXBuildFile; fileRef = 24F43FA21BF5D9ED00D964FE /* schools.plist */; };
		24F43FA71BF5DA7300D964FE /* SchoolCell.m in Sources */ = {isa = PBXBuildFile; fileRef = 24F43FA51BF5DA7300D964FE /* SchoolCell.m */; };
		24F43FA81BF5DA7300D964FE /* SchoolCell.xib in Resources */ = {isa = PBXBuildFile; fileRef = 24F43FA61BF5DA7300D964FE /* SchoolCell.xib */; };
		24F43FAB1BF5DC9E00D964FE /* SchoolCellView.m in Sources */ = {isa = PBXBuildFile; fileRef = 24F43FAA1BF5DC9E00D964FE /* SchoolCellView.m */; };
		24F43FAD1BF5DCB500D964FE /* SchoolCellView.xib in Resources */ = {isa = PBXBuildFile; fileRef = 24F43FAC1BF5DCB500D964FE /* SchoolCellView.xib */; };
		24F43FB11BF5E5DB00D964FE /* LocationCell.m in Sources */ = {isa = PBXBuildFile; fileRef = 24F43FAF1BF5E5DB00D964FE /* LocationCell.m */; };
		24F43FB21BF5E5DB00D964FE /* LocationCell.xib in Resources */ = {isa = PBXBuildFile; fileRef = 24F43FB01BF5E5DB00D964FE /* LocationCell.xib */; };
		24F43FB51BF97E6000D964FE /* LocationUtil.m in Sources */ = {isa = PBXBuildFile; fileRef = 24F43FB41BF97E6000D964FE /* LocationUtil.m */; };
		24F43FB71BF9AB9200D964FE /* LocationCellNext.png in Resources */ = {isa = PBXBuildFile; fileRef = 24F43FB61BF9AB9200D964FE /* LocationCellNext.png */; };
		24F43FB91BF9B12D00D964FE /* areas.plist in Resources */ = {isa = PBXBuildFile; fileRef = 24F43FB81BF9B12D00D964FE /* areas.plist */; };
		24F43FBF1BF9B58B00D964FE /* LocationCellView.m in Sources */ = {isa = PBXBuildFile; fileRef = 24F43FBE1BF9B58B00D964FE /* LocationCellView.m */; };
		24F43FC11BF9B59700D964FE /* LocationCellView.xib in Resources */ = {isa = PBXBuildFile; fileRef = 24F43FC01BF9B59700D964FE /* LocationCellView.xib */; };
		24F43FC31BF9D15A00D964FE /* positions.plist in Resources */ = {isa = PBXBuildFile; fileRef = 24F43FC21BF9D15A00D964FE /* positions.plist */; };
		24F43FC71BF9D1ED00D964FE /* FormTimeCell.m in Sources */ = {isa = PBXBuildFile; fileRef = 24F43FC51BF9D1ED00D964FE /* FormTimeCell.m */; };
		24F43FC81BF9D1ED00D964FE /* FormTimeCell.xib in Resources */ = {isa = PBXBuildFile; fileRef = 24F43FC61BF9D1ED00D964FE /* FormTimeCell.xib */; };
		24F43FCE1BF9D4C500D964FE /* FormTimeCellView.m in Sources */ = {isa = PBXBuildFile; fileRef = 24F43FCD1BF9D4C500D964FE /* FormTimeCellView.m */; };
		24F43FD01BF9D4D200D964FE /* FormTimeCellView.xib in Resources */ = {isa = PBXBuildFile; fileRef = 24F43FCF1BF9D4D200D964FE /* FormTimeCellView.xib */; };
/* End PBXBuildFile section */

/* Begin PBXFileReference section */
		24F43F311BF5892300D964FE /* FormApplication.app */ = {isa = PBXFileReference; explicitFileType = wrapper.application; includeInIndex = 0; path = FormApplication.app; sourceTree = BUILT_PRODUCTS_DIR; };
		24F43F351BF5892300D964FE /* main.m */ = {isa = PBXFileReference; lastKnownFileType = sourcecode.c.objc; path = main.m; sourceTree = "<group>"; };
		24F43F371BF5892300D964FE /* AppDelegate.h */ = {isa = PBXFileReference; lastKnownFileType = sourcecode.c.h; path = AppDelegate.h; sourceTree = "<group>"; };
		24F43F381BF5892300D964FE /* AppDelegate.m */ = {isa = PBXFileReference; lastKnownFileType = sourcecode.c.objc; path = AppDelegate.m; sourceTree = "<group>"; };
		24F43F3A1BF5892300D964FE /* ViewController.h */ = {isa = PBXFileReference; lastKnownFileType = sourcecode.c.h; path = ViewController.h; sourceTree = "<group>"; };
		24F43F3B1BF5892300D964FE /* ViewController.m */ = {isa = PBXFileReference; lastKnownFileType = sourcecode.c.objc; path = ViewController.m; sourceTree = "<group>"; };
		24F43F401BF5892300D964FE /* Assets.xcassets */ = {isa = PBXFileReference; lastKnownFileType = folder.assetcatalog; path = Assets.xcassets; sourceTree = "<group>"; };
		24F43F431BF5892300D964FE /* Base */ = {isa = PBXFileReference; lastKnownFileType = file.storyboard; name = Base; path = Base.lproj/LaunchScreen.storyboard; sourceTree = "<group>"; };
		24F43F451BF5892300D964FE /* Info.plist */ = {isa = PBXFileReference; lastKnownFileType = text.plist.xml; path = Info.plist; sourceTree = "<group>"; };
		24F43F531BF5898600D964FE /* BaseFormCell.h */ = {isa = PBXFileReference; fileEncoding = 4; lastKnownFileType = sourcecode.c.h; path = BaseFormCell.h; sourceTree = "<group>"; };
		24F43F541BF5898600D964FE /* BaseFormCell.m */ = {isa = PBXFileReference; fileEncoding = 4; lastKnownFileType = sourcecode.c.objc; path = BaseFormCell.m; sourceTree = "<group>"; };
		24F43F551BF5898600D964FE /* BottomView.xib */ = {isa = PBXFileReference; fileEncoding = 4; lastKnownFileType = file.xib; path = BottomView.xib; sourceTree = "<group>"; };
		24F43F5C1BF5898600D964FE /* FormProtocols.h */ = {isa = PBXFileReference; fileEncoding = 4; lastKnownFileType = sourcecode.c.h; path = FormProtocols.h; sourceTree = "<group>"; };
		24F43F601BF5898600D964FE /* FormTableViewController.h */ = {isa = PBXFileReference; fileEncoding = 4; lastKnownFileType = sourcecode.c.h; path = FormTableViewController.h; sourceTree = "<group>"; };
		24F43F611BF5898600D964FE /* FormTableViewController.m */ = {isa = PBXFileReference; fileEncoding = 4; lastKnownFileType = sourcecode.c.objc; path = FormTableViewController.m; sourceTree = "<group>"; };
		24F43F661BF5898600D964FE /* FormDataManager.h */ = {isa = PBXFileReference; fileEncoding = 4; lastKnownFileType = sourcecode.c.h; path = FormDataManager.h; sourceTree = "<group>"; };
		24F43F671BF5898600D964FE /* FormDataManager.m */ = {isa = PBXFileReference; fileEncoding = 4; lastKnownFileType = sourcecode.c.objc; path = FormDataManager.m; sourceTree = "<group>"; };
		24F43F681BF5898600D964FE /* FormTag.h */ = {isa = PBXFileReference; fileEncoding = 4; lastKnownFileType = sourcecode.c.h; path = FormTag.h; sourceTree = "<group>"; };
		24F43F7C1BF589D700D964FE /* ActionSheetCellView.h */ = {isa = PBXFileReference; fileEncoding = 4; lastKnownFileType = sourcecode.c.h; path = ActionSheetCellView.h; sourceTree = "<group>"; };
		24F43F7D1BF589D700D964FE /* ActionSheetCellView.m */ = {isa = PBXFileReference; fileEncoding = 4; lastKnownFileType = sourcecode.c.objc; path = ActionSheetCellView.m; sourceTree = "<group>"; };
		24F43F7E1BF589D700D964FE /* ActionSheetCellView.xib */ = {isa = PBXFileReference; fileEncoding = 4; lastKnownFileType = file.xib; path = ActionSheetCellView.xib; sourceTree = "<group>"; };
		24F43F881BF5AEC900D964FE /* ErrorCell.m */ = {isa = PBXFileReference; fileEncoding = 4; lastKnownFileType = sourcecode.c.objc; path = ErrorCell.m; sourceTree = "<group>"; };
		24F43F891BF5AEC900D964FE /* ActionSheetCell.m */ = {isa = PBXFileReference; fileEncoding = 4; lastKnownFileType = sourcecode.c.objc; path = ActionSheetCell.m; sourceTree = "<group>"; };
		24F43F8B1BF5AEC900D964FE /* EditTextCell.xib */ = {isa = PBXFileReference; fileEncoding = 4; lastKnownFileType = file.xib; path = EditTextCell.xib; sourceTree = "<group>"; };
		24F43F8C1BF5AEC900D964FE /* EditTextCell.m */ = {isa = PBXFileReference; fileEncoding = 4; lastKnownFileType = sourcecode.c.objc; path = EditTextCell.m; sourceTree = "<group>"; };
		24F43F8D1BF5AEC900D964FE /* ActionSheetCell.xib */ = {isa = PBXFileReference; fileEncoding = 4; lastKnownFileType = file.xib; path = ActionSheetCell.xib; sourceTree = "<group>"; };
		24F43F8E1BF5AEC900D964FE /* ErrorCell.h */ = {isa = PBXFileReference; fileEncoding = 4; lastKnownFileType = sourcecode.c.h; path = ErrorCell.h; sourceTree = "<group>"; };
		24F43F8F1BF5AEC900D964FE /* ErrorCell.xib */ = {isa = PBXFileReference; fileEncoding = 4; lastKnownFileType = file.xib; path = ErrorCell.xib; sourceTree = "<group>"; };
		24F43F901BF5AEC900D964FE /* ActionSheetCell.h */ = {isa = PBXFileReference; fileEncoding = 4; lastKnownFileType = sourcecode.c.h; path = ActionSheetCell.h; sourceTree = "<group>"; };
		24F43F921BF5AEC900D964FE /* EditTextCell.h */ = {isa = PBXFileReference; fileEncoding = 4; lastKnownFileType = sourcecode.c.h; path = EditTextCell.h; sourceTree = "<group>"; };
		24F43F9C1BF5B60900D964FE /* FormTableViewController.plist */ = {isa = PBXFileReference; fileEncoding = 4; lastKnownFileType = text.plist.xml; path = FormTableViewController.plist; sourceTree = "<group>"; };
		24F43F9E1BF5D45700D964FE /* marry.plist */ = {isa = PBXFileReference; fileEncoding = 4; lastKnownFileType = text.plist.xml; path = marry.plist; sourceTree = "<group>"; };
		24F43FA01BF5D7D000D964FE /* degrees.plist */ = {isa = PBXFileReference; fileEncoding = 4; lastKnownFileType = text.plist.xml; path = degrees.plist; sourceTree = "<group>"; };
		24F43FA21BF5D9ED00D964FE /* schools.plist */ = {isa = PBXFileReference; fileEncoding = 4; lastKnownFileType = text.plist.xml; path = schools.plist; sourceTree = "<group>"; };
		24F43FA41BF5DA7300D964FE /* SchoolCell.h */ = {isa = PBXFileReference; fileEncoding = 4; lastKnownFileType = sourcecode.c.h; path = SchoolCell.h; sourceTree = "<group>"; };
		24F43FA51BF5DA7300D964FE /* SchoolCell.m */ = {isa = PBXFileReference; fileEncoding = 4; lastKnownFileType = sourcecode.c.objc; path = SchoolCell.m; sourceTree = "<group>"; };
		24F43FA61BF5DA7300D964FE /* SchoolCell.xib */ = {isa = PBXFileReference; fileEncoding = 4; lastKnownFileType = file.xib; path = SchoolCell.xib; sourceTree = "<group>"; };
		24F43FA91BF5DC9E00D964FE /* SchoolCellView.h */ = {isa = PBXFileReference; fileEncoding = 4; lastKnownFileType = sourcecode.c.h; path = SchoolCellView.h; sourceTree = "<group>"; };
		24F43FAA1BF5DC9E00D964FE /* SchoolCellView.m */ = {isa = PBXFileReference; fileEncoding = 4; lastKnownFileType = sourcecode.c.objc; path = SchoolCellView.m; sourceTree = "<group>"; };
		24F43FAC1BF5DCB500D964FE /* SchoolCellView.xib */ = {isa = PBXFileReference; fileEncoding = 4; lastKnownFileType = file.xib; path = SchoolCellView.xib; sourceTree = "<group>"; };
		24F43FAE1BF5E5DB00D964FE /* LocationCell.h */ = {isa = PBXFileReference; fileEncoding = 4; lastKnownFileType = sourcecode.c.h; path = LocationCell.h; sourceTree = "<group>"; };
		24F43FAF1BF5E5DB00D964FE /* LocationCell.m */ = {isa = PBXFileReference; fileEncoding = 4; lastKnownFileType = sourcecode.c.objc; path = LocationCell.m; sourceTree = "<group>"; };
		24F43FB01BF5E5DB00D964FE /* LocationCell.xib */ = {isa = PBXFileReference; fileEncoding = 4; lastKnownFileType = file.xib; path = LocationCell.xib; sourceTree = "<group>"; };
		24F43FB31BF97E6000D964FE /* LocationUtil.h */ = {isa = PBXFileReference; fileEncoding = 4; lastKnownFileType = sourcecode.c.h; path = LocationUtil.h; sourceTree = "<group>"; };
		24F43FB41BF97E6000D964FE /* LocationUtil.m */ = {isa = PBXFileReference; fileEncoding = 4; lastKnownFileType = sourcecode.c.objc; path = LocationUtil.m; sourceTree = "<group>"; };
		24F43FB61BF9AB9200D964FE /* LocationCellNext.png */ = {isa = PBXFileReference; lastKnownFileType = image.png; path = LocationCellNext.png; sourceTree = "<group>"; };
		24F43FB81BF9B12D00D964FE /* areas.plist */ = {isa = PBXFileReference; fileEncoding = 4; lastKnownFileType = text.plist.xml; path = areas.plist; sourceTree = "<group>"; };
		24F43FBD1BF9B58B00D964FE /* LocationCellView.h */ = {isa = PBXFileReference; fileEncoding = 4; lastKnownFileType = sourcecode.c.h; path = LocationCellView.h; sourceTree = "<group>"; };
		24F43FBE1BF9B58B00D964FE /* LocationCellView.m */ = {isa = PBXFileReference; fileEncoding = 4; lastKnownFileType = sourcecode.c.objc; path = LocationCellView.m; sourceTree = "<group>"; };
		24F43FC01BF9B59700D964FE /* LocationCellView.xib */ = {isa = PBXFileReference; fileEncoding = 4; lastKnownFileType = file.xib; path = LocationCellView.xib; sourceTree = "<group>"; };
		24F43FC21BF9D15A00D964FE /* positions.plist */ = {isa = PBXFileReference; fileEncoding = 4; lastKnownFileType = text.plist.xml; path = positions.plist; sourceTree = "<group>"; };
		24F43FC41BF9D1ED00D964FE /* FormTimeCell.h */ = {isa = PBXFileReference; fileEncoding = 4; lastKnownFileType = sourcecode.c.h; path = FormTimeCell.h; sourceTree = "<group>"; };
		24F43FC51BF9D1ED00D964FE /* FormTimeCell.m */ = {isa = PBXFileReference; fileEncoding = 4; lastKnownFileType = sourcecode.c.objc; path = FormTimeCell.m; sourceTree = "<group>"; };
		24F43FC61BF9D1ED00D964FE /* FormTimeCell.xib */ = {isa = PBXFileReference; fileEncoding = 4; lastKnownFileType = file.xib; path = FormTimeCell.xib; sourceTree = "<group>"; };
		24F43FCC1BF9D4C500D964FE /* FormTimeCellView.h */ = {isa = PBXFileReference; fileEncoding = 4; lastKnownFileType = sourcecode.c.h; path = FormTimeCellView.h; sourceTree = "<group>"; };
		24F43FCD1BF9D4C500D964FE /* FormTimeCellView.m */ = {isa = PBXFileReference; fileEncoding = 4; lastKnownFileType = sourcecode.c.objc; path = FormTimeCellView.m; sourceTree = "<group>"; };
		24F43FCF1BF9D4D200D964FE /* FormTimeCellView.xib */ = {isa = PBXFileReference; fileEncoding = 4; lastKnownFileType = file.xib; path = FormTimeCellView.xib; sourceTree = "<group>"; };
/* End PBXFileReference section */

/* Begin PBXFrameworksBuildPhase section */
		24F43F2E1BF5892300D964FE /* Frameworks */ = {
			isa = PBXFrameworksBuildPhase;
			buildActionMask = 2147483647;
			files = (
			);
			runOnlyForDeploymentPostprocessing = 0;
		};
/* End PBXFrameworksBuildPhase section */

/* Begin PBXGroup section */
		24F43F281BF5892200D964FE = {
			isa = PBXGroup;
			children = (
				24F43F331BF5892300D964FE /* FormApplication */,
				24F43F321BF5892300D964FE /* Products */,
			);
			sourceTree = "<group>";
		};
		24F43F321BF5892300D964FE /* Products */ = {
			isa = PBXGroup;
			children = (
				24F43F311BF5892300D964FE /* FormApplication.app */,
			);
			name = Products;
			sourceTree = "<group>";
		};
		24F43F331BF5892300D964FE /* FormApplication */ = {
			isa = PBXGroup;
			children = (
				24F43F4B1BF5898600D964FE /* Form */,
				24F43F371BF5892300D964FE /* AppDelegate.h */,
				24F43F381BF5892300D964FE /* AppDelegate.m */,
				24F43F3A1BF5892300D964FE /* ViewController.h */,
				24F43F3B1BF5892300D964FE /* ViewController.m */,
				24F43F401BF5892300D964FE /* Assets.xcassets */,
				24F43F421BF5892300D964FE /* LaunchScreen.storyboard */,
				24F43F451BF5892300D964FE /* Info.plist */,
				24F43F341BF5892300D964FE /* Supporting Files */,
			);
			path = FormApplication;
			sourceTree = "<group>";
		};
		24F43F341BF5892300D964FE /* Supporting Files */ = {
			isa = PBXGroup;
			children = (
				24F43F351BF5892300D964FE /* main.m */,
			);
			name = "Supporting Files";
			sourceTree = "<group>";
		};
		24F43F4B1BF5898600D964FE /* Form */ = {
			isa = PBXGroup;
			children = (
				24F43F7B1BF589A200D964FE /* Views */,
				24F43F4F1BF5898600D964FE /* Cells */,
				24F43F601BF5898600D964FE /* FormTableViewController.h */,
				24F43F611BF5898600D964FE /* FormTableViewController.m */,
				24F43F651BF5898600D964FE /* Tool */,
				24F43F9B1BF5B5F500D964FE /* plists */,
			);
			path = Form;
			sourceTree = "<group>";
		};
		24F43F4F1BF5898600D964FE /* Cells */ = {
			isa = PBXGroup;
			children = (
				24F43F531BF5898600D964FE /* BaseFormCell.h */,
				24F43F541BF5898600D964FE /* BaseFormCell.m */,
				24F43F551BF5898600D964FE /* BottomView.xib */,
				24F43F5C1BF5898600D964FE /* FormProtocols.h */,
				24F43F861BF5AEA500D964FE /* MoreCells */,
			);
			path = Cells;
			sourceTree = "<group>";
		};
		24F43F651BF5898600D964FE /* Tool */ = {
			isa = PBXGroup;
			children = (
				24F43FB31BF97E6000D964FE /* LocationUtil.h */,
				24F43FB41BF97E6000D964FE /* LocationUtil.m */,
				24F43F661BF5898600D964FE /* FormDataManager.h */,
				24F43F671BF5898600D964FE /* FormDataManager.m */,
				24F43F681BF5898600D964FE /* FormTag.h */,
			);
			path = Tool;
			sourceTree = "<group>";
		};
		24F43F7B1BF589A200D964FE /* Views */ = {
			isa = PBXGroup;
			children = (
				24F43FCC1BF9D4C500D964FE /* FormTimeCellView.h */,
				24F43FCD1BF9D4C500D964FE /* FormTimeCellView.m */,
				24F43FCF1BF9D4D200D964FE /* FormTimeCellView.xib */,
				24F43F7C1BF589D700D964FE /* ActionSheetCellView.h */,
				24F43F7D1BF589D700D964FE /* ActionSheetCellView.m */,
				24F43F7E1BF589D700D964FE /* ActionSheetCellView.xib */,
				24F43FA91BF5DC9E00D964FE /* SchoolCellView.h */,
				24F43FAA1BF5DC9E00D964FE /* SchoolCellView.m */,
				24F43FAC1BF5DCB500D964FE /* SchoolCellView.xib */,
				24F43FBD1BF9B58B00D964FE /* LocationCellView.h */,
				24F43FBE1BF9B58B00D964FE /* LocationCellView.m */,
				24F43FC01BF9B59700D964FE /* LocationCellView.xib */,
			);
			path = Views;
			sourceTree = "<group>";
		};
		24F43F861BF5AEA500D964FE /* MoreCells */ = {
			isa = PBXGroup;
			children = (
				24F43FC41BF9D1ED00D964FE /* FormTimeCell.h */,
				24F43FC51BF9D1ED00D964FE /* FormTimeCell.m */,
				24F43FC61BF9D1ED00D964FE /* FormTimeCell.xib */,
				24F43FB61BF9AB9200D964FE /* LocationCellNext.png */,
				24F43FAE1BF5E5DB00D964FE /* LocationCell.h */,
				24F43FAF1BF5E5DB00D964FE /* LocationCell.m */,
				24F43FB01BF5E5DB00D964FE /* LocationCell.xib */,
				24F43FA41BF5DA7300D964FE /* SchoolCell.h */,
				24F43FA51BF5DA7300D964FE /* SchoolCell.m */,
				24F43FA61BF5DA7300D964FE /* SchoolCell.xib */,
				24F43F901BF5AEC900D964FE /* ActionSheetCell.h */,
				24F43F891BF5AEC900D964FE /* ActionSheetCell.m */,
				24F43F8D1BF5AEC900D964FE /* ActionSheetCell.xib */,
				24F43F921BF5AEC900D964FE /* EditTextCell.h */,
				24F43F8C1BF5AEC900D964FE /* EditTextCell.m */,
				24F43F8B1BF5AEC900D964FE /* EditTextCell.xib */,
				24F43F8E1BF5AEC900D964FE /* ErrorCell.h */,
				24F43F881BF5AEC900D964FE /* ErrorCell.m */,
				24F43F8F1BF5AEC900D964FE /* ErrorCell.xib */,
			);
			name = MoreCells;
			sourceTree = "<group>";
		};
		24F43F9B1BF5B5F500D964FE /* plists */ = {
			isa = PBXGroup;
			children = (
				24F43FC21BF9D15A00D964FE /* positions.plist */,
				24F43FB81BF9B12D00D964FE /* areas.plist */,
				24F43FA21BF5D9ED00D964FE /* schools.plist */,
				24F43FA01BF5D7D000D964FE /* degrees.plist */,
				24F43F9E1BF5D45700D964FE /* marry.plist */,
				24F43F9C1BF5B60900D964FE /* FormTableViewController.plist */,
			);
			path = plists;
			sourceTree = "<group>";
		};
/* End PBXGroup section */

/* Begin PBXNativeTarget section */
		24F43F301BF5892300D964FE /* FormApplication */ = {
			isa = PBXNativeTarget;
			buildConfigurationList = 24F43F481BF5892300D964FE /* Build configuration list for PBXNativeTarget "FormApplication" */;
			buildPhases = (
				24F43F2D1BF5892300D964FE /* Sources */,
				24F43F2E1BF5892300D964FE /* Frameworks */,
				24F43F2F1BF5892300D964FE /* Resources */,
			);
			buildRules = (
			);
			dependencies = (
			);
			name = FormApplication;
			productName = FormApplication;
			productReference = 24F43F311BF5892300D964FE /* FormApplication.app */;
			productType = "com.apple.product-type.application";
		};
/* End PBXNativeTarget section */

/* Begin PBXProject section */
		24F43F291BF5892300D964FE /* Project object */ = {
			isa = PBXProject;
			attributes = {
				LastUpgradeCheck = 0700;
				ORGANIZATIONNAME = maka;
				TargetAttributes = {
					24F43F301BF5892300D964FE = {
						CreatedOnToolsVersion = 7.0.1;
					};
				};
			};
			buildConfigurationList = 24F43F2C1BF5892300D964FE /* Build configuration list for PBXProject "FormApplication" */;
			compatibilityVersion = "Xcode 3.2";
			developmentRegion = English;
			hasScannedForEncodings = 0;
			knownRegions = (
				en,
				Base,
			);
			mainGroup = 24F43F281BF5892200D964FE;
			productRefGroup = 24F43F321BF5892300D964FE /* Products */;
			projectDirPath = "";
			projectRoot = "";
			targets = (
				24F43F301BF5892300D964FE /* FormApplication */,
			);
		};
/* End PBXProject section */

/* Begin PBXResourcesBuildPhase section */
		24F43F2F1BF5892300D964FE /* Resources */ = {
			isa = PBXResourcesBuildPhase;
			buildActionMask = 2147483647;
			files = (
				24F43F991BF5AEC900D964FE /* ErrorCell.xib in Resources */,
				24F43FB91BF9B12D00D964FE /* areas.plist in Resources */,
				24F43FB71BF9AB9200D964FE /* LocationCellNext.png in Resources */,
				24F43F9D1BF5B60900D964FE /* FormTableViewController.plist in Resources */,
				24F43F441BF5892300D964FE /* LaunchScreen.storyboard in Resources */,
				24F43FA81BF5DA7300D964FE /* SchoolCell.xib in Resources */,
				24F43F831BF589D700D964FE /* ActionSheetCellView.xib in Resources */,
				24F43FC31BF9D15A00D964FE /* positions.plist in Resources */,
				24F43F411BF5892300D964FE /* Assets.xcassets in Resources */,
				24F43F981BF5AEC900D964FE /* ActionSheetCell.xib in Resources */,
				24F43FC11BF9B59700D964FE /* LocationCellView.xib in Resources */,
				24F43F6F1BF5898600D964FE /* BottomView.xib in Resources */,
				24F43FB21BF5E5DB00D964FE /* LocationCell.xib in Resources */,
				24F43F9F1BF5D45700D964FE /* marry.plist in Resources */,
				24F43FC81BF9D1ED00D964FE /* FormTimeCell.xib in Resources */,
				24F43FD01BF9D4D200D964FE /* FormTimeCellView.xib in Resources */,
				24F43FA11BF5D7D000D964FE /* degrees.plist in Resources */,
				24F43F961BF5AEC900D964FE /* EditTextCell.xib in Resources */,
				24F43FAD1BF5DCB500D964FE /* SchoolCellView.xib in Resources */,
				24F43FA31BF5D9ED00D964FE /* schools.plist in Resources */,
			);
			runOnlyForDeploymentPostprocessing = 0;
		};
/* End PBXResourcesBuildPhase section */

/* Begin PBXSourcesBuildPhase section */
		24F43F2D1BF5892300D964FE /* Sources */ = {
			isa = PBXSourcesBuildPhase;
			buildActionMask = 2147483647;
			files = (
				24F43F791BF5898600D964FE /* FormDataManager.m in Sources */,
				24F43FBF1BF9B58B00D964FE /* LocationCellView.m in Sources */,
				24F43F971BF5AEC900D964FE /* EditTextCell.m in Sources */,
				24F43FB11BF5E5DB00D964FE /* LocationCell.m in Sources */,
				24F43FAB1BF5DC9E00D964FE /* SchoolCellView.m in Sources */,
				24F43F941BF5AEC900D964FE /* ActionSheetCell.m in Sources */,
				24F43FCE1BF9D4C500D964FE /* FormTimeCellView.m in Sources */,
				24F43F3C1BF5892300D964FE /* ViewController.m in Sources */,
				24F43F761BF5898600D964FE /* FormTableViewController.m in Sources */,
				24F43FA71BF5DA7300D964FE /* SchoolCell.m in Sources */,
				24F43F931BF5AEC900D964FE /* ErrorCell.m in Sources */,
				24F43F391BF5892300D964FE /* AppDelegate.m in Sources */,
				24F43FB51BF97E6000D964FE /* LocationUtil.m in Sources */,
				24F43F6E1BF5898600D964FE /* BaseFormCell.m in Sources */,
				24F43F361BF5892300D964FE /* main.m in Sources */,
				24F43FC71BF9D1ED00D964FE /* FormTimeCell.m in Sources */,
				24F43F821BF589D700D964FE /* ActionSheetCellView.m in Sources */,
			);
			runOnlyForDeploymentPostprocessing = 0;
		};
/* End PBXSourcesBuildPhase section */

/* Begin PBXVariantGroup section */
		24F43F421BF5892300D964FE /* LaunchScreen.storyboard */ = {
			isa = PBXVariantGroup;
			children = (
				24F43F431BF5892300D964FE /* Base */,
			);
			name = LaunchScreen.storyboard;
			sourceTree = "<group>";
		};
/* End PBXVariantGroup section */

/* Begin XCBuildConfiguration section */
		24F43F461BF5892300D964FE /* Debug */ = {
			isa = XCBuildConfiguration;
			buildSettings = {
				ALWAYS_SEARCH_USER_PATHS = NO;
				CLANG_CXX_LANGUAGE_STANDARD = "gnu++0x";
				CLANG_CXX_LIBRARY = "libc++";
				CLANG_ENABLE_MODULES = YES;
				CLANG_ENABLE_OBJC_ARC = YES;
				CLANG_WARN_BOOL_CONVERSION = YES;
				CLANG_WARN_CONSTANT_CONVERSION = YES;
				CLANG_WARN_DIRECT_OBJC_ISA_USAGE = YES_ERROR;
				CLANG_WARN_EMPTY_BODY = YES;
				CLANG_WARN_ENUM_CONVERSION = YES;
				CLANG_WARN_INT_CONVERSION = YES;
				CLANG_WARN_OBJC_ROOT_CLASS = YES_ERROR;
				CLANG_WARN_UNREACHABLE_CODE = YES;
				CLANG_WARN__DUPLICATE_METHOD_MATCH = YES;
				"CODE_SIGN_IDENTITY[sdk=iphoneos*]" = "iPhone Developer";
				COPY_PHASE_STRIP = NO;
				DEBUG_INFORMATION_FORMAT = dwarf;
				ENABLE_STRICT_OBJC_MSGSEND = YES;
				ENABLE_TESTABILITY = YES;
				GCC_C_LANGUAGE_STANDARD = gnu99;
				GCC_DYNAMIC_NO_PIC = NO;
				GCC_NO_COMMON_BLOCKS = YES;
				GCC_OPTIMIZATION_LEVEL = 0;
				GCC_PREPROCESSOR_DEFINITIONS = (
					"DEBUG=1",
					"$(inherited)",
				);
				GCC_WARN_64_TO_32_BIT_CONVERSION = YES;
				GCC_WARN_ABOUT_RETURN_TYPE = YES_ERROR;
				GCC_WARN_UNDECLARED_SELECTOR = YES;
				GCC_WARN_UNINITIALIZED_AUTOS = YES_AGGRESSIVE;
				GCC_WARN_UNUSED_FUNCTION = YES;
				GCC_WARN_UNUSED_VARIABLE = YES;
				IPHONEOS_DEPLOYMENT_TARGET = 8.0;
				MTL_ENABLE_DEBUG_INFO = YES;
				ONLY_ACTIVE_ARCH = YES;
				SDKROOT = iphoneos;
			};
			name = Debug;
		};
		24F43F471BF5892300D964FE /* Release */ = {
			isa = XCBuildConfiguration;
			buildSettings = {
				ALWAYS_SEARCH_USER_PATHS = NO;
				CLANG_CXX_LANGUAGE_STANDARD = "gnu++0x";
				CLANG_CXX_LIBRARY = "libc++";
				CLANG_ENABLE_MODULES = YES;
				CLANG_ENABLE_OBJC_ARC = YES;
				CLANG_WARN_BOOL_CONVERSION = YES;
				CLANG_WARN_CONSTANT_CONVERSION = YES;
				CLANG_WARN_DIRECT_OBJC_ISA_USAGE = YES_ERROR;
				CLANG_WARN_EMPTY_BODY = YES;
				CLANG_WARN_ENUM_CONVERSION = YES;
				CLANG_WARN_INT_CONVERSION = YES;
				CLANG_WARN_OBJC_ROOT_CLASS = YES_ERROR;
				CLANG_WARN_UNREACHABLE_CODE = YES;
				CLANG_WARN__DUPLICATE_METHOD_MATCH = YES;
				"CODE_SIGN_IDENTITY[sdk=iphoneos*]" = "iPhone Developer";
				COPY_PHASE_STRIP = NO;
				DEBUG_INFORMATION_FORMAT = "dwarf-with-dsym";
				ENABLE_NS_ASSERTIONS = NO;
				ENABLE_STRICT_OBJC_MSGSEND = YES;
				GCC_C_LANGUAGE_STANDARD = gnu99;
				GCC_NO_COMMON_BLOCKS = YES;
				GCC_WARN_64_TO_32_BIT_CONVERSION = YES;
				GCC_WARN_ABOUT_RETURN_TYPE = YES_ERROR;
				GCC_WARN_UNDECLARED_SELECTOR = YES;
				GCC_WARN_UNINITIALIZED_AUTOS = YES_AGGRESSIVE;
				GCC_WARN_UNUSED_FUNCTION = YES;
				GCC_WARN_UNUSED_VARIABLE = YES;
				IPHONEOS_DEPLOYMENT_TARGET = 8.0;
				MTL_ENABLE_DEBUG_INFO = NO;
				SDKROOT = iphoneos;
				VALIDATE_PRODUCT = YES;
			};
			name = Release;
		};
		24F43F491BF5892300D964FE /* Debug */ = {
			isa = XCBuildConfiguration;
			buildSettings = {
				ASSETCATALOG_COMPILER_APPICON_NAME = AppIcon;
				INFOPLIST_FILE = FormApplication/Info.plist;
				LD_RUNPATH_SEARCH_PATHS = "$(inherited) @executable_path/Frameworks";
				PRODUCT_BUNDLE_IDENTIFIER = maka.FormApplication;
				PRODUCT_NAME = "$(TARGET_NAME)";
			};
			name = Debug;
		};
		24F43F4A1BF5892300D964FE /* Release */ = {
			isa = XCBuildConfiguration;
			buildSettings = {
				ASSETCATALOG_COMPILER_APPICON_NAME = AppIcon;
				INFOPLIST_FILE = FormApplication/Info.plist;
				LD_RUNPATH_SEARCH_PATHS = "$(inherited) @executable_path/Frameworks";
				PRODUCT_BUNDLE_IDENTIFIER = maka.FormApplication;
				PRODUCT_NAME = "$(TARGET_NAME)";
			};
			name = Release;
		};
/* End XCBuildConfiguration section */

/* Begin XCConfigurationList section */
		24F43F2C1BF5892300D964FE /* Build configuration list for PBXProject "FormApplication" */ = {
			isa = XCConfigurationList;
			buildConfigurations = (
				24F43F461BF5892300D964FE /* Debug */,
				24F43F471BF5892300D964FE /* Release */,
			);
			defaultConfigurationIsVisible = 0;
			defaultConfigurationName = Release;
		};
		24F43F481BF5892300D964FE /* Build configuration list for PBXNativeTarget "FormApplication" */ = {
			isa = XCConfigurationList;
			buildConfigurations = (
				24F43F491BF5892300D964FE /* Debug */,
				24F43F4A1BF5892300D964FE /* Release */,
			);
			defaultConfigurationIsVisible = 0;
			defaultConfigurationName = Release;
		};
/* End XCConfigurationList section */
	};
	rootObject = 24F43F291BF5892300D964FE /* Project object */;
}
